
Microsoft Visual Studio Solution File, Format Version 12.00
# Visual Studio 15
VisualStudioVersion = 15.0.33529.398
MinimumVisualStudioVersion = 10.0.40219.1
Project("{FAE04EC0-301F-11D3-BF4B-00C04F79EFBC}") = "Test", "Test\Test.csproj", "{3D7861F6-DB17-46C4-9F1D-E355276D0EEA}"
EndProject
Global
	GlobalSection(SolutionConfigurationPlatforms) = preSolution
		Debug|Any CPU = Debug|Any CPU
		Release|Any CPU = Release|Any CPU
	EndGlobalSection
	GlobalSection(ProjectConfigurationPlatforms) = postSolution
		{3D7861F6-DB17-46C4-9F1D-E355276D0EEA}.Debug|Any CPU.ActiveCfg = Debug|Any CPU
		{3D7861F6-DB17-46C4-9F1D-E355276D0EEA}.Debug|Any CPU.Build.0 = Debug|Any CPU
		{3D7861F6-DB17-46C4-9F1D-E355276D0EEA}.Release|Any CPU.ActiveCfg = Release|Any CPU
		{3D7861F6-DB17-46C4-9F1D-E355276D0EEA}.Release|Any CPU.Build.0 = Release|Any CPU
	EndGlobalSection
	GlobalSection(SolutionProperties) = preSolution
		HideSolutionNode = FALSE
	EndGlobalSection
	GlobalSection(ExtensibilityGlobals) = postSolution
		SolutionGuid = {3948017F-9101-4DE4-82DD-CC777F3B7A86}
	EndGlobalSection
EndGlobal
